PODS:
  - AFNetworkActivityLogger (2.0.4):
    - AFNetworking/NSURLConnection (~> 2.0)
    - AFNetworking/NSURLSession (~> 2.0)
  - AFNetworking (2.6.3):
    - AFNetworking/NSURLConnection (= 2.6.3)
    - AFNetworking/NSURLSession (= 2.6.3)
    - AFNetworking/Reachability (= 2.6.3)
    - AFNetworking/Security (= 2.6.3)
    - AFNetworking/Serialization (= 2.6.3)
    - AFNetworking/UIKit (= 2.6.3)
  - AFNetworking/NSURLConnection (2.6.3):
    - AFNetworking/Reachability
    - AFNetworking/Security
    - AFNetworking/Serialization
  - AFNetworking/NSURLSession (2.6.3):
    - AFNetworking/Reachability
    - AFNetworking/Security
    - AFNetworking/Serialization
  - AFNetworking/Reachability (2.6.3)
  - AFNetworking/Security (2.6.3)
  - AFNetworking/Serialization (2.6.3)
  - AFNetworking/UIKit (2.6.3):
    - AFNetworking/NSURLConnection
    - AFNetworking/NSURLSession
  - CocoaSecurity (1.2.4)
  - IQKeyboardManager (4.0.7)
  - JSONModel (1.7.0)
  - ReactiveCocoa (4.2.2):
    - Result (~> 2.0)
  - Result (2.1.3)
  - RKBluetoothLEKit (3.1.0):
    - CocoaSecurity (~> 1.2.4)
    - ReactiveCocoa (~> 4.2.1)

DEPENDENCIES:
  - AFNetworkActivityLogger
  - AFNetworking
  - IQKeyboardManager
  - JSONModel
  - RKBluetoothLEKit (from `../`)

EXTERNAL SOURCES:
  RKBluetoothLEKit:
    :path: "../"

SPEC CHECKSUMS:
  AFNetworkActivityLogger: 121486778117d53b3ab1c61d264b88081d0c3eee
  AFNetworking: cb8d14a848e831097108418f5d49217339d4eb60
  CocoaSecurity: d288a6f87e0f363823d2cb83e753814a6944f71a
  IQKeyboardManager: 69002bb4fea60596b710e57d426abc00e5063630
  JSONModel: 840bc0fcffb24b8454d2c026bf26fea454b8e98d
  ReactiveCocoa: 72263e7ac0770c274617ccd345e01049d0ca38ae
  Result: 18e1a7597fbcca5923c565b40a25a98afafdee02
  RKBluetoothLEKit: 341dbc0f86a2561568cd2e1d99b226c68949e8d7

PODFILE CHECKSUM: 80dd6d89379dd3b92444b07e64d9bfdac73cafd9

COCOAPODS: 1.2.0.beta.1
