PODS:
  - CocoaSecurity (1.2.4)
  - ReactiveCocoa (4.1.0):
    - ReactiveCocoa/UI (= 4.1.0)
    - Result (~> 2.0)
  - ReactiveCocoa/Core (4.1.0):
    - ReactiveCocoa/no-arc
    - Result (~> 2.0)
  - ReactiveCocoa/no-arc (4.1.0):
    - Result (~> 2.0)
  - ReactiveCocoa/UI (4.1.0):
    - ReactiveCocoa/Core
    - Result (~> 2.0)
  - Result (2.0.0)
  - RKBluetoothLEKit (0.1.0):
    - CocoaSecurity (~> 1.2.4)
    - ReactiveCocoa (~> 4.1.0)

DEPENDENCIES:
  - RKBluetoothLEKit (from `../`)

EXTERNAL SOURCES:
  RKBluetoothLEKit:
    :path: ../

SPEC CHECKSUMS:
  CocoaSecurity: d288a6f87e0f363823d2cb83e753814a6944f71a
  ReactiveCocoa: d70004d7a366a7b8e87e60ce2347182c77701949
  Result: 9e75e1111c774c6ac594e14907b15057053a7959
  RKBluetoothLEKit: 9d452ea187774147baaa5ea005fdd4273b44b1fc

PODFILE CHECKSUM: b36756bd387ef2939fa99bbbea0b8695c3aa3358

COCOAPODS: 1.0.0.rc.1
